// !$*UTF8*$!
{
	archiveVersion = 1;
	classes = {
	};
	objectVersion = 56;
	objects = {

/* Begin PBXBuildFile section */
		3D5A787B2B37A53F001ECDFF /* UsersStaticData.json in Resources */ = {isa = PBXBuildFile; fileRef = 3D5A787A2B37A53F001ECDFF /* UsersStaticData.json */; };
		3D5A787D2B37A5FC001ECDFF /* SingleUserData.json in Resources */ = {isa = PBXBuildFile; fileRef = 3D5A787C2B37A5FC001ECDFF /* SingleUserData.json */; };
		3D5A787F2B37A733001ECDFF /* UserDetailResponse.swift in Sources */ = {isa = PBXBuildFile; fileRef = 3D5A787E2B37A733001ECDFF /* UserDetailResponse.swift */; };
		3D5A78812B37A838001ECDFF /* UsersResponse.swift in Sources */ = {isa = PBXBuildFile; fileRef = 3D5A78802B37A838001ECDFF /* UsersResponse.swift */; };
		3D5A78842B37A955001ECDFF /* Models.swift in Sources */ = {isa = PBXBuildFile; fileRef = 3D5A78832B37A955001ECDFF /* Models.swift */; };
		3D5A78872B37A9DE001ECDFF /* StaticJSONMapper.swift in Sources */ = {isa = PBXBuildFile; fileRef = 3D5A78862B37A9DE001ECDFF /* StaticJSONMapper.swift */; };
		3D5A78892B37B2FF001ECDFF /* PeopleView.swift in Sources */ = {isa = PBXBuildFile; fileRef = 3D5A78882B37B2FF001ECDFF /* PeopleView.swift */; };
		3D5A788B2B385B3A001ECDFF /* PersonItemView.swift in Sources */ = {isa = PBXBuildFile; fileRef = 3D5A788A2B385B3A001ECDFF /* PersonItemView.swift */; };
		3D5A788E2B385D13001ECDFF /* PillView.swift in Sources */ = {isa = PBXBuildFile; fileRef = 3D5A788D2B385D13001ECDFF /* PillView.swift */; };
		3D5A78902B38877A001ECDFF /* DetailView.swift in Sources */ = {isa = PBXBuildFile; fileRef = 3D5A788F2B38877A001ECDFF /* DetailView.swift */; };
		3D6A97EB2B39A294000B1425 /* CreateView.swift in Sources */ = {isa = PBXBuildFile; fileRef = 3D6A97EA2B39A294000B1425 /* CreateView.swift */; };
		3D6A97EE2B39AD7C000B1425 /* NetworkingManager.swift in Sources */ = {isa = PBXBuildFile; fileRef = 3D6A97ED2B39AD7C000B1425 /* NetworkingManager.swift */; };
		3D6A97F02B39D298000B1425 /* PeopleViewModel.swift in Sources */ = {isa = PBXBuildFile; fileRef = 3D6A97EF2B39D298000B1425 /* PeopleViewModel.swift */; };
		3D6A97F22B3A41C1000B1425 /* DetailViewModel.swift in Sources */ = {isa = PBXBuildFile; fileRef = 3D6A97F12B3A41C1000B1425 /* DetailViewModel.swift */; };
		3D6A97F42B3A4F59000B1425 /* NewPerson.swift in Sources */ = {isa = PBXBuildFile; fileRef = 3D6A97F32B3A4F59000B1425 /* NewPerson.swift */; };
		3D6A97F62B3A509E000B1425 /* CreateViewModel.swift in Sources */ = {isa = PBXBuildFile; fileRef = 3D6A97F52B3A509E000B1425 /* CreateViewModel.swift */; };
		3D6A97F82B3B62F4000B1425 /* ChcekmarkPopoverView.swift in Sources */ = {isa = PBXBuildFile; fileRef = 3D6A97F72B3B62F4000B1425 /* ChcekmarkPopoverView.swift */; };
		3D6A97FB2B3B6B4C000B1425 /* CreateValidator.swift in Sources */ = {isa = PBXBuildFile; fileRef = 3D6A97FA2B3B6B4C000B1425 /* CreateValidator.swift */; };
		3D6A97FE2B3C6A70000B1425 /* HapticsManager.swift in Sources */ = {isa = PBXBuildFile; fileRef = 3D6A97FD2B3C6A70000B1425 /* HapticsManager.swift */; };
		3D6A98002B3C6DB9000B1425 /* SettingsView.swift in Sources */ = {isa = PBXBuildFile; fileRef = 3D6A97FF2B3C6DB9000B1425 /* SettingsView.swift */; };
		3D6A98032B3C6F14000B1425 /* UserDefaultKeys.swift in Sources */ = {isa = PBXBuildFile; fileRef = 3D6A98022B3C6F14000B1425 /* UserDefaultKeys.swift */; };
		3D6A98052B3C7BD6000B1425 /* Endpoint.swift in Sources */ = {isa = PBXBuildFile; fileRef = 3D6A98042B3C7BD6000B1425 /* Endpoint.swift */; };
		3D7D4EB42B3E3E8E0030593E /* JSONMapperTests.swift in Sources */ = {isa = PBXBuildFile; fileRef = 3D7D4EB32B3E3E8E0030593E /* JSONMapperTests.swift */; };
		3D7D4EB72B3E54CD0030593E /* CreateFormValidatorTests.swift in Sources */ = {isa = PBXBuildFile; fileRef = 3D7D4EB62B3E54CD0030593E /* CreateFormValidatorTests.swift */; };
		3D7D4EBB2B4085650030593E /* NetworkingEndpointTests.swift in Sources */ = {isa = PBXBuildFile; fileRef = 3D7D4EBA2B4085650030593E /* NetworkingEndpointTests.swift */; };
		3D7D4EBE2B4168A70030593E /* MockURLSessionProtocol.swift in Sources */ = {isa = PBXBuildFile; fileRef = 3D7D4EBD2B4168A70030593E /* MockURLSessionProtocol.swift */; };
		3D7D4EC12B416CDB0030593E /* NetworkingManagerTests.swift in Sources */ = {isa = PBXBuildFile; fileRef = 3D7D4EC02B416CDB0030593E /* NetworkingManagerTests.swift */; };
		3D7D4EEA2B5197DA0030593E /* PeopleViewModelSuccessTests.swift in Sources */ = {isa = PBXBuildFile; fileRef = 3D7D4EE92B5197DA0030593E /* PeopleViewModelSuccessTests.swift */; };
		3D7D4EED2B5199850030593E /* NetworkingManagerUserResponseSuccessMock.swift in Sources */ = {isa = PBXBuildFile; fileRef = 3D7D4EEC2B5199850030593E /* NetworkingManagerUserResponseSuccessMock.swift */; };
		3D7D4EEF2B51A8DA0030593E /* PeopleViewModelFailureTests.swift in Sources */ = {isa = PBXBuildFile; fileRef = 3D7D4EEE2B51A8DA0030593E /* PeopleViewModelFailureTests.swift */; };
		3D7D4EF12B51A9690030593E /* NetworkingManagerUserResponseFailureMock.swift in Sources */ = {isa = PBXBuildFile; fileRef = 3D7D4EF02B51A9690030593E /* NetworkingManagerUserResponseFailureMock.swift */; };
		3D7D4EF52B51E3480030593E /* NetworkingManagerUserDetailsResponseSuccessMock.swift in Sources */ = {isa = PBXBuildFile; fileRef = 3D7D4EF42B51E3480030593E /* NetworkingManagerUserDetailsResponseSuccessMock.swift */; };
		3D7D4EF72B51E44B0030593E /* NetworkingManagerUserDetailsResponseFailureMock.swift in Sources */ = {isa = PBXBuildFile; fileRef = 3D7D4EF62B51E44B0030593E /* NetworkingManagerUserDetailsResponseFailureMock.swift */; };
		3D7D4EFA2B52271B0030593E /* DetailsViewModelSuccessTests.swift in Sources */ = {isa = PBXBuildFile; fileRef = 3D7D4EF92B52271B0030593E /* DetailsViewModelSuccessTests.swift */; };
		3D7D4EFC2B522BCA0030593E /* DetailsViewModelFailureTests.swift in Sources */ = {isa = PBXBuildFile; fileRef = 3D7D4EFB2B522BCA0030593E /* DetailsViewModelFailureTests.swift */; };
		3D7D4EFF2B5232080030593E /* View+Navigation.swift in Sources */ = {isa = PBXBuildFile; fileRef = 3D7D4EFE2B5232080030593E /* View+Navigation.swift */; };
		3DA696632B365C4B004D8717 /* PeopleSwiftUIMVVMApp.swift in Sources */ = {isa = PBXBuildFile; fileRef = 3DA696622B365C4B004D8717 /* PeopleSwiftUIMVVMApp.swift */; };
		3DA696672B365C4D004D8717 /* Assets.xcassets in Resources */ = {isa = PBXBuildFile; fileRef = 3DA696662B365C4D004D8717 /* Assets.xcassets */; };
		3DA6966A2B365C4D004D8717 /* Preview Assets.xcassets in Resources */ = {isa = PBXBuildFile; fileRef = 3DA696692B365C4D004D8717 /* Preview Assets.xcassets */; };
		3DA696722B36F1F9004D8717 /* Symbols.swift in Sources */ = {isa = PBXBuildFile; fileRef = 3DA696712B36F1F9004D8717 /* Symbols.swift */; };
		3DA696742B36F53B004D8717 /* Theme.swift in Sources */ = {isa = PBXBuildFile; fileRef = 3DA696732B36F53B004D8717 /* Theme.swift */; };
/* End PBXBuildFile section */

/* Begin PBXContainerItemProxy section */
		3D7D4EAD2B3E3E370030593E /* PBXContainerItemProxy */ = {
			isa = PBXContainerItemProxy;
			containerPortal = 3DA696572B365C4B004D8717 /* Project object */;
			proxyType = 1;
			remoteGlobalIDString = 3DA6965E2B365C4B004D8717;
			remoteInfo = PeopleSwiftUIMVVM;
		};
/* End PBXContainerItemProxy section */

/* Begin PBXFileReference section */
		3D5A787A2B37A53F001ECDFF /* UsersStaticData.json */ = {isa = PBXFileReference; lastKnownFileType = text.json; path = UsersStaticData.json; sourceTree = "<group>"; };
		3D5A787C2B37A5FC001ECDFF /* SingleUserData.json */ = {isa = PBXFileReference; lastKnownFileType = text.json; path = SingleUserData.json; sourceTree = "<group>"; };
		3D5A787E2B37A733001ECDFF /* UserDetailResponse.swift */ = {isa = PBXFileReference; lastKnownFileType = sourcecode.swift; path = UserDetailResponse.swift; sourceTree = "<group>"; };
		3D5A78802B37A838001ECDFF /* UsersResponse.swift */ = {isa = PBXFileReference; lastKnownFileType = sourcecode.swift; path = UsersResponse.swift; sourceTree = "<group>"; };
		3D5A78832B37A955001ECDFF /* Models.swift */ = {isa = PBXFileReference; lastKnownFileType = sourcecode.swift; path = Models.swift; sourceTree = "<group>"; };
		3D5A78862B37A9DE001ECDFF /* StaticJSONMapper.swift */ = {isa = PBXFileReference; lastKnownFileType = sourcecode.swift; path = StaticJSONMapper.swift; sourceTree = "<group>"; };
		3D5A78882B37B2FF001ECDFF /* PeopleView.swift */ = {isa = PBXFileReference; lastKnownFileType = sourcecode.swift; path = PeopleView.swift; sourceTree = "<group>"; };
		3D5A788A2B385B3A001ECDFF /* PersonItemView.swift */ = {isa = PBXFileReference; lastKnownFileType = sourcecode.swift; path = PersonItemView.swift; sourceTree = "<group>"; };
		3D5A788D2B385D13001ECDFF /* PillView.swift */ = {isa = PBXFileReference; lastKnownFileType = sourcecode.swift; path = PillView.swift; sourceTree = "<group>"; };
		3D5A788F2B38877A001ECDFF /* DetailView.swift */ = {isa = PBXFileReference; lastKnownFileType = sourcecode.swift; path = DetailView.swift; sourceTree = "<group>"; };
		3D6A97EA2B39A294000B1425 /* CreateView.swift */ = {isa = PBXFileReference; lastKnownFileType = sourcecode.swift; path = CreateView.swift; sourceTree = "<group>"; };
		3D6A97ED2B39AD7C000B1425 /* NetworkingManager.swift */ = {isa = PBXFileReference; lastKnownFileType = sourcecode.swift; path = NetworkingManager.swift; sourceTree = "<group>"; };
		3D6A97EF2B39D298000B1425 /* PeopleViewModel.swift */ = {isa = PBXFileReference; lastKnownFileType = sourcecode.swift; path = PeopleViewModel.swift; sourceTree = "<group>"; };
		3D6A97F12B3A41C1000B1425 /* DetailViewModel.swift */ = {isa = PBXFileReference; lastKnownFileType = sourcecode.swift; path = DetailViewModel.swift; sourceTree = "<group>"; };
		3D6A97F32B3A4F59000B1425 /* NewPerson.swift */ = {isa = PBXFileReference; lastKnownFileType = sourcecode.swift; path = NewPerson.swift; sourceTree = "<group>"; };
		3D6A97F52B3A509E000B1425 /* CreateViewModel.swift */ = {isa = PBXFileReference; lastKnownFileType = sourcecode.swift; path = CreateViewModel.swift; sourceTree = "<group>"; };
		3D6A97F72B3B62F4000B1425 /* ChcekmarkPopoverView.swift */ = {isa = PBXFileReference; lastKnownFileType = sourcecode.swift; path = ChcekmarkPopoverView.swift; sourceTree = "<group>"; };
		3D6A97FA2B3B6B4C000B1425 /* CreateValidator.swift */ = {isa = PBXFileReference; lastKnownFileType = sourcecode.swift; path = CreateValidator.swift; sourceTree = "<group>"; };
		3D6A97FD2B3C6A70000B1425 /* HapticsManager.swift */ = {isa = PBXFileReference; lastKnownFileType = sourcecode.swift; path = HapticsManager.swift; sourceTree = "<group>"; };
		3D6A97FF2B3C6DB9000B1425 /* SettingsView.swift */ = {isa = PBXFileReference; lastKnownFileType = sourcecode.swift; path = SettingsView.swift; sourceTree = "<group>"; };
		3D6A98022B3C6F14000B1425 /* UserDefaultKeys.swift */ = {isa = PBXFileReference; lastKnownFileType = sourcecode.swift; path = UserDefaultKeys.swift; sourceTree = "<group>"; };
		3D6A98042B3C7BD6000B1425 /* Endpoint.swift */ = {isa = PBXFileReference; lastKnownFileType = sourcecode.swift; path = Endpoint.swift; sourceTree = "<group>"; };
		3D7D4EA92B3E3E370030593E /* PeopleSwiftUIMVVMTests.xctest */ = {isa = PBXFileReference; explicitFileType = wrapper.cfbundle; includeInIndex = 0; path = PeopleSwiftUIMVVMTests.xctest; sourceTree = BUILT_PRODUCTS_DIR; };
		3D7D4EB32B3E3E8E0030593E /* JSONMapperTests.swift */ = {isa = PBXFileReference; lastKnownFileType = sourcecode.swift; path = JSONMapperTests.swift; sourceTree = "<group>"; };
		3D7D4EB62B3E54CD0030593E /* CreateFormValidatorTests.swift */ = {isa = PBXFileReference; lastKnownFileType = sourcecode.swift; path = CreateFormValidatorTests.swift; sourceTree = "<group>"; };
		3D7D4EBA2B4085650030593E /* NetworkingEndpointTests.swift */ = {isa = PBXFileReference; lastKnownFileType = sourcecode.swift; path = NetworkingEndpointTests.swift; sourceTree = "<group>"; };
		3D7D4EBD2B4168A70030593E /* MockURLSessionProtocol.swift */ = {isa = PBXFileReference; lastKnownFileType = sourcecode.swift; path = MockURLSessionProtocol.swift; sourceTree = "<group>"; };
		3D7D4EC02B416CDB0030593E /* NetworkingManagerTests.swift */ = {isa = PBXFileReference; lastKnownFileType = sourcecode.swift; path = NetworkingManagerTests.swift; sourceTree = "<group>"; };
		3D7D4EE92B5197DA0030593E /* PeopleViewModelSuccessTests.swift */ = {isa = PBXFileReference; lastKnownFileType = sourcecode.swift; path = PeopleViewModelSuccessTests.swift; sourceTree = "<group>"; };
		3D7D4EEC2B5199850030593E /* NetworkingManagerUserResponseSuccessMock.swift */ = {isa = PBXFileReference; lastKnownFileType = sourcecode.swift; path = NetworkingManagerUserResponseSuccessMock.swift; sourceTree = "<group>"; };
		3D7D4EEE2B51A8DA0030593E /* PeopleViewModelFailureTests.swift */ = {isa = PBXFileReference; lastKnownFileType = sourcecode.swift; path = PeopleViewModelFailureTests.swift; sourceTree = "<group>"; };
		3D7D4EF02B51A9690030593E /* NetworkingManagerUserResponseFailureMock.swift */ = {isa = PBXFileReference; lastKnownFileType = sourcecode.swift; path = NetworkingManagerUserResponseFailureMock.swift; sourceTree = "<group>"; };
		3D7D4EF42B51E3480030593E /* NetworkingManagerUserDetailsResponseSuccessMock.swift */ = {isa = PBXFileReference; lastKnownFileType = sourcecode.swift; path = NetworkingManagerUserDetailsResponseSuccessMock.swift; sourceTree = "<group>"; };
		3D7D4EF62B51E44B0030593E /* NetworkingManagerUserDetailsResponseFailureMock.swift */ = {isa = PBXFileReference; lastKnownFileType = sourcecode.swift; path = NetworkingManagerUserDetailsResponseFailureMock.swift; sourceTree = "<group>"; };
		3D7D4EF92B52271B0030593E /* DetailsViewModelSuccessTests.swift */ = {isa = PBXFileReference; lastKnownFileType = sourcecode.swift; path = DetailsViewModelSuccessTests.swift; sourceTree = "<group>"; };
		3D7D4EFB2B522BCA0030593E /* DetailsViewModelFailureTests.swift */ = {isa = PBXFileReference; lastKnownFileType = sourcecode.swift; path = DetailsViewModelFailureTests.swift; sourceTree = "<group>"; };
		3D7D4EFE2B5232080030593E /* View+Navigation.swift */ = {isa = PBXFileReference; lastKnownFileType = sourcecode.swift; path = "View+Navigation.swift"; sourceTree = "<group>"; };
		3DA6965F2B365C4B004D8717 /* PeopleSwiftUIMVVM.app */ = {isa = PBXFileReference; explicitFileType = wrapper.application; includeInIndex = 0; path = PeopleSwiftUIMVVM.app; sourceTree = BUILT_PRODUCTS_DIR; };
		3DA696622B365C4B004D8717 /* PeopleSwiftUIMVVMApp.swift */ = {isa = PBXFileReference; lastKnownFileType = sourcecode.swift; path = PeopleSwiftUIMVVMApp.swift; sourceTree = "<group>"; };
		3DA696662B365C4D004D8717 /* Assets.xcassets */ = {isa = PBXFileReference; lastKnownFileType = folder.assetcatalog; path = Assets.xcassets; sourceTree = "<group>"; };
		3DA696692B365C4D004D8717 /* Preview Assets.xcassets */ = {isa = PBXFileReference; lastKnownFileType = folder.assetcatalog; path = "Preview Assets.xcassets"; sourceTree = "<group>"; };
		3DA696712B36F1F9004D8717 /* Symbols.swift */ = {isa = PBXFileReference; lastKnownFileType = sourcecode.swift; path = Symbols.swift; sourceTree = "<group>"; };
		3DA696732B36F53B004D8717 /* Theme.swift */ = {isa = PBXFileReference; lastKnownFileType = sourcecode.swift; path = Theme.swift; sourceTree = "<group>"; };
		3DA696852B3704C6004D8717 /* Info.plist */ = {isa = PBXFileReference; lastKnownFileType = text.plist; path = Info.plist; sourceTree = "<group>"; };
/* End PBXFileReference section */

/* Begin PBXFrameworksBuildPhase section */
		3D7D4EA62B3E3E370030593E /* Frameworks */ = {
			isa = PBXFrameworksBuildPhase;
			buildActionMask = 2147483647;
			files = (
			);
			runOnlyForDeploymentPostprocessing = 0;
		};
		3DA6965C2B365C4B004D8717 /* Frameworks */ = {
			isa = PBXFrameworksBuildPhase;
			buildActionMask = 2147483647;
			files = (
			);
			runOnlyForDeploymentPostprocessing = 0;
		};
/* End PBXFrameworksBuildPhase section */

/* Begin PBXGroup section */
		3D5A78792B37A506001ECDFF /* JSON */ = {
			isa = PBXGroup;
			children = (
				3D5A787A2B37A53F001ECDFF /* UsersStaticData.json */,
				3D5A787C2B37A5FC001ECDFF /* SingleUserData.json */,
			);
			path = JSON;
			sourceTree = "<group>";
		};
		3D5A78822B37A945001ECDFF /* Model */ = {
			isa = PBXGroup;
			children = (
				3D5A78832B37A955001ECDFF /* Models.swift */,
			);
			path = Model;
			sourceTree = "<group>";
		};
		3D5A78852B37A9A6001ECDFF /* Mapper */ = {
			isa = PBXGroup;
			children = (
				3D5A78862B37A9DE001ECDFF /* StaticJSONMapper.swift */,
			);
			path = Mapper;
			sourceTree = "<group>";
		};
		3D5A788C2B385CFF001ECDFF /* Views */ = {
			isa = PBXGroup;
			children = (
				3D5A788D2B385D13001ECDFF /* PillView.swift */,
				3D6A97F72B3B62F4000B1425 /* ChcekmarkPopoverView.swift */,
			);
			path = Views;
			sourceTree = "<group>";
		};
		3D6A97EC2B39AD59000B1425 /* API */ = {
			isa = PBXGroup;
			children = (
				3D6A97ED2B39AD7C000B1425 /* NetworkingManager.swift */,
				3D6A98042B3C7BD6000B1425 /* Endpoint.swift */,
			);
			path = API;
			sourceTree = "<group>";
		};
		3D6A97F92B3B6B25000B1425 /* Validator */ = {
			isa = PBXGroup;
			children = (
				3D6A97FA2B3B6B4C000B1425 /* CreateValidator.swift */,
			);
			path = Validator;
			sourceTree = "<group>";
		};
		3D6A97FC2B3C6A5B000B1425 /* Haptics */ = {
			isa = PBXGroup;
			children = (
				3D6A97FD2B3C6A70000B1425 /* HapticsManager.swift */,
			);
			path = Haptics;
			sourceTree = "<group>";
		};
		3D6A98012B3C6EE8000B1425 /* UserDefaults */ = {
			isa = PBXGroup;
			children = (
				3D6A98022B3C6F14000B1425 /* UserDefaultKeys.swift */,
			);
			path = UserDefaults;
			sourceTree = "<group>";
		};
		3D7D4EAA2B3E3E370030593E /* PeopleSwiftUIMVVMTests */ = {
			isa = PBXGroup;
			children = (
				3D7D4EF82B5226CE0030593E /* Details */,
				3D7D4EE82B5197930030593E /* People */,
				3D7D4EB82B4084B30030593E /* Networking */,
				3D7D4EB52B3E549E0030593E /* Form */,
				3D7D4EB22B3E3E720030593E /* Mapper */,
			);
			path = PeopleSwiftUIMVVMTests;
			sourceTree = "<group>";
		};
		3D7D4EB22B3E3E720030593E /* Mapper */ = {
			isa = PBXGroup;
			children = (
				3D7D4EB32B3E3E8E0030593E /* JSONMapperTests.swift */,
			);
			path = Mapper;
			sourceTree = "<group>";
		};
		3D7D4EB52B3E549E0030593E /* Form */ = {
			isa = PBXGroup;
			children = (
				3D7D4EB62B3E54CD0030593E /* CreateFormValidatorTests.swift */,
			);
			path = Form;
			sourceTree = "<group>";
		};
		3D7D4EB82B4084B30030593E /* Networking */ = {
			isa = PBXGroup;
			children = (
				3D7D4EBF2B416CA60030593E /* NetworkingManager */,
				3D7D4EBC2B4168630030593E /* Mocks */,
				3D7D4EB92B4084DE0030593E /* Endpoint */,
			);
			path = Networking;
			sourceTree = "<group>";
		};
		3D7D4EB92B4084DE0030593E /* Endpoint */ = {
			isa = PBXGroup;
			children = (
				3D7D4EBA2B4085650030593E /* NetworkingEndpointTests.swift */,
			);
			path = Endpoint;
			sourceTree = "<group>";
		};
		3D7D4EBC2B4168630030593E /* Mocks */ = {
			isa = PBXGroup;
			children = (
				3D7D4EF32B51E2EE0030593E /* UserDetails */,
				3D7D4EBD2B4168A70030593E /* MockURLSessionProtocol.swift */,
				3D7D4EF22B51E2CF0030593E /* UserResponse */,
			);
			path = Mocks;
			sourceTree = "<group>";
		};
		3D7D4EBF2B416CA60030593E /* NetworkingManager */ = {
			isa = PBXGroup;
			children = (
				3D7D4EC02B416CDB0030593E /* NetworkingManagerTests.swift */,
			);
			path = NetworkingManager;
			sourceTree = "<group>";
		};
		3D7D4EE82B5197930030593E /* People */ = {
			isa = PBXGroup;
			children = (
				3D7D4EE92B5197DA0030593E /* PeopleViewModelSuccessTests.swift */,
				3D7D4EEE2B51A8DA0030593E /* PeopleViewModelFailureTests.swift */,
			);
			path = People;
			sourceTree = "<group>";
		};
		3D7D4EF22B51E2CF0030593E /* UserResponse */ = {
			isa = PBXGroup;
			children = (
				3D7D4EEC2B5199850030593E /* NetworkingManagerUserResponseSuccessMock.swift */,
				3D7D4EF02B51A9690030593E /* NetworkingManagerUserResponseFailureMock.swift */,
			);
			path = UserResponse;
			sourceTree = "<group>";
		};
		3D7D4EF32B51E2EE0030593E /* UserDetails */ = {
			isa = PBXGroup;
			children = (
				3D7D4EF42B51E3480030593E /* NetworkingManagerUserDetailsResponseSuccessMock.swift */,
				3D7D4EF62B51E44B0030593E /* NetworkingManagerUserDetailsResponseFailureMock.swift */,
			);
			path = UserDetails;
			sourceTree = "<group>";
		};
		3D7D4EF82B5226CE0030593E /* Details */ = {
			isa = PBXGroup;
			children = (
				3D7D4EF92B52271B0030593E /* DetailsViewModelSuccessTests.swift */,
				3D7D4EFB2B522BCA0030593E /* DetailsViewModelFailureTests.swift */,
			);
			path = Details;
			sourceTree = "<group>";
		};
		3D7D4EFD2B5231CE0030593E /* Extensions */ = {
			isa = PBXGroup;
			children = (
				3D7D4EFE2B5232080030593E /* View+Navigation.swift */,
			);
			path = Extensions;
			sourceTree = "<group>";
		};
		3DA696562B365C4B004D8717 = {
			isa = PBXGroup;
			children = (
				3DA696612B365C4B004D8717 /* PeopleSwiftUIMVVM */,
				3D7D4EAA2B3E3E370030593E /* PeopleSwiftUIMVVMTests */,
				3DA696602B365C4B004D8717 /* Products */,
			);
			sourceTree = "<group>";
		};
		3DA696602B365C4B004D8717 /* Products */ = {
			isa = PBXGroup;
			children = (
				3DA6965F2B365C4B004D8717 /* PeopleSwiftUIMVVM.app */,
				3D7D4EA92B3E3E370030593E /* PeopleSwiftUIMVVMTests.xctest */,
			);
			name = Products;
			sourceTree = "<group>";
		};
		3DA696612B365C4B004D8717 /* PeopleSwiftUIMVVM */ = {
			isa = PBXGroup;
			children = (
				3DA696852B3704C6004D8717 /* Info.plist */,
				3DA696762B36F6A9004D8717 /* Features */,
				3DA696752B36F6A2004D8717 /* Base */,
				3DA696702B36F1D8004D8717 /* Resouces */,
				3DA696622B365C4B004D8717 /* PeopleSwiftUIMVVMApp.swift */,
				3DA696662B365C4D004D8717 /* Assets.xcassets */,
				3DA696682B365C4D004D8717 /* Preview Content */,
			);
			path = PeopleSwiftUIMVVM;
			sourceTree = "<group>";
		};
		3DA696682B365C4D004D8717 /* Preview Content */ = {
			isa = PBXGroup;
			children = (
				3DA696692B365C4D004D8717 /* Preview Assets.xcassets */,
			);
			path = "Preview Content";
			sourceTree = "<group>";
		};
		3DA696702B36F1D8004D8717 /* Resouces */ = {
			isa = PBXGroup;
			children = (
				3D5A78792B37A506001ECDFF /* JSON */,
				3DA696712B36F1F9004D8717 /* Symbols.swift */,
				3DA696732B36F53B004D8717 /* Theme.swift */,
			);
			path = Resouces;
			sourceTree = "<group>";
		};
		3DA696752B36F6A2004D8717 /* Base */ = {
			isa = PBXGroup;
			children = (
				3D7D4EFD2B5231CE0030593E /* Extensions */,
				3D6A98012B3C6EE8000B1425 /* UserDefaults */,
				3D6A97FC2B3C6A5B000B1425 /* Haptics */,
				3D6A97EC2B39AD59000B1425 /* API */,
				3D5A788C2B385CFF001ECDFF /* Views */,
				3D5A78852B37A9A6001ECDFF /* Mapper */,
				3D5A78822B37A945001ECDFF /* Model */,
			);
			path = Base;
			sourceTree = "<group>";
		};
		3DA696762B36F6A9004D8717 /* Features */ = {
			isa = PBXGroup;
			children = (
				3DA6967A2B36F6F6004D8717 /* Settings */,
				3DA696792B36F6C9004D8717 /* Detail */,
				3DA696782B36F6BF004D8717 /* Create */,
				3DA696772B36F6B8004D8717 /* People */,
			);
			path = Features;
			sourceTree = "<group>";
		};
		3DA696772B36F6B8004D8717 /* People */ = {
			isa = PBXGroup;
			children = (
				3DA6967D2B36F72B004D8717 /* View Models */,
				3DA6967C2B36F724004D8717 /* Model */,
				3DA6967B2B36F71D004D8717 /* Views */,
			);
			path = People;
			sourceTree = "<group>";
		};
		3DA696782B36F6BF004D8717 /* Create */ = {
			isa = PBXGroup;
			children = (
				3D6A97F92B3B6B25000B1425 /* Validator */,
				3DA696802B36F790004D8717 /* View Models */,
				3DA6967F2B36F78A004D8717 /* Model */,
				3DA6967E2B36F783004D8717 /* Views */,
			);
			path = Create;
			sourceTree = "<group>";
		};
		3DA696792B36F6C9004D8717 /* Detail */ = {
			isa = PBXGroup;
			children = (
				3DA696832B36F7B1004D8717 /* Model */,
				3DA696822B36F7A8004D8717 /* View Models */,
				3DA696812B36F7A1004D8717 /* Views */,
			);
			path = Detail;
			sourceTree = "<group>";
		};
		3DA6967A2B36F6F6004D8717 /* Settings */ = {
			isa = PBXGroup;
			children = (
				3DA696842B36F7BF004D8717 /* Views */,
			);
			path = Settings;
			sourceTree = "<group>";
		};
		3DA6967B2B36F71D004D8717 /* Views */ = {
			isa = PBXGroup;
			children = (
				3D5A78882B37B2FF001ECDFF /* PeopleView.swift */,
				3D5A788A2B385B3A001ECDFF /* PersonItemView.swift */,
			);
			path = Views;
			sourceTree = "<group>";
		};
		3DA6967C2B36F724004D8717 /* Model */ = {
			isa = PBXGroup;
			children = (
				3D5A78802B37A838001ECDFF /* UsersResponse.swift */,
			);
			path = Model;
			sourceTree = "<group>";
		};
		3DA6967D2B36F72B004D8717 /* View Models */ = {
			isa = PBXGroup;
			children = (
				3D6A97EF2B39D298000B1425 /* PeopleViewModel.swift */,
			);
			path = "View Models";
			sourceTree = "<group>";
		};
		3DA6967E2B36F783004D8717 /* Views */ = {
			isa = PBXGroup;
			children = (
				3D6A97EA2B39A294000B1425 /* CreateView.swift */,
			);
			path = Views;
			sourceTree = "<group>";
		};
		3DA6967F2B36F78A004D8717 /* Model */ = {
			isa = PBXGroup;
			children = (
				3D6A97F32B3A4F59000B1425 /* NewPerson.swift */,
			);
			path = Model;
			sourceTree = "<group>";
		};
		3DA696802B36F790004D8717 /* View Models */ = {
			isa = PBXGroup;
			children = (
				3D6A97F52B3A509E000B1425 /* CreateViewModel.swift */,
			);
			path = "View Models";
			sourceTree = "<group>";
		};
		3DA696812B36F7A1004D8717 /* Views */ = {
			isa = PBXGroup;
			children = (
				3D5A788F2B38877A001ECDFF /* DetailView.swift */,
			);
			path = Views;
			sourceTree = "<group>";
		};
		3DA696822B36F7A8004D8717 /* View Models */ = {
			isa = PBXGroup;
			children = (
				3D6A97F12B3A41C1000B1425 /* DetailViewModel.swift */,
			);
			path = "View Models";
			sourceTree = "<group>";
		};
		3DA696832B36F7B1004D8717 /* Model */ = {
			isa = PBXGroup;
			children = (
				3D5A787E2B37A733001ECDFF /* UserDetailResponse.swift */,
			);
			path = Model;
			sourceTree = "<group>";
		};
		3DA696842B36F7BF004D8717 /* Views */ = {
			isa = PBXGroup;
			children = (
				3D6A97FF2B3C6DB9000B1425 /* SettingsView.swift */,
			);
			path = Views;
			sourceTree = "<group>";
		};
/* End PBXGroup section */

/* Begin PBXNativeTarget section */
		3D7D4EA82B3E3E370030593E /* PeopleSwiftUIMVVMTests */ = {
			isa = PBXNativeTarget;
			buildConfigurationList = 3D7D4EB12B3E3E370030593E /* Build configuration list for PBXNativeTarget "PeopleSwiftUIMVVMTests" */;
			buildPhases = (
				3D7D4EA52B3E3E370030593E /* Sources */,
				3D7D4EA62B3E3E370030593E /* Frameworks */,
				3D7D4EA72B3E3E370030593E /* Resources */,
			);
			buildRules = (
			);
			dependencies = (
				3D7D4EAE2B3E3E370030593E /* PBXTargetDependency */,
			);
			name = PeopleSwiftUIMVVMTests;
			productName = PeopleSwiftUIMVVMTests;
			productReference = 3D7D4EA92B3E3E370030593E /* PeopleSwiftUIMVVMTests.xctest */;
			productType = "com.apple.product-type.bundle.unit-test";
		};
		3DA6965E2B365C4B004D8717 /* PeopleSwiftUIMVVM */ = {
			isa = PBXNativeTarget;
			buildConfigurationList = 3DA6966D2B365C4D004D8717 /* Build configuration list for PBXNativeTarget "PeopleSwiftUIMVVM" */;
			buildPhases = (
				3DA6965B2B365C4B004D8717 /* Sources */,
				3DA6965C2B365C4B004D8717 /* Frameworks */,
				3DA6965D2B365C4B004D8717 /* Resources */,
			);
			buildRules = (
			);
			dependencies = (
			);
			name = PeopleSwiftUIMVVM;
			productName = PeopleSwiftUIMVVM;
			productReference = 3DA6965F2B365C4B004D8717 /* PeopleSwiftUIMVVM.app */;
			productType = "com.apple.product-type.application";
		};
/* End PBXNativeTarget section */

/* Begin PBXProject section */
		3DA696572B365C4B004D8717 /* Project object */ = {
			isa = PBXProject;
			attributes = {
				BuildIndependentTargetsInParallel = 1;
				LastSwiftUpdateCheck = 1510;
				LastUpgradeCheck = 1500;
				TargetAttributes = {
					3D7D4EA82B3E3E370030593E = {
						CreatedOnToolsVersion = 15.1;
						TestTargetID = 3DA6965E2B365C4B004D8717;
					};
					3DA6965E2B365C4B004D8717 = {
						CreatedOnToolsVersion = 15.0.1;
					};
				};
			};
			buildConfigurationList = 3DA6965A2B365C4B004D8717 /* Build configuration list for PBXProject "PeopleSwiftUIMVVM" */;
			compatibilityVersion = "Xcode 14.0";
			developmentRegion = en;
			hasScannedForEncodings = 0;
			knownRegions = (
				en,
				Base,
			);
			mainGroup = 3DA696562B365C4B004D8717;
			productRefGroup = 3DA696602B365C4B004D8717 /* Products */;
			projectDirPath = "";
			projectRoot = "";
			targets = (
				3DA6965E2B365C4B004D8717 /* PeopleSwiftUIMVVM */,
				3D7D4EA82B3E3E370030593E /* PeopleSwiftUIMVVMTests */,
			);
		};
/* End PBXProject section */

/* Begin PBXResourcesBuildPhase section */
		3D7D4EA72B3E3E370030593E /* Resources */ = {
			isa = PBXResourcesBuildPhase;
			buildActionMask = 2147483647;
			files = (
			);
			runOnlyForDeploymentPostprocessing = 0;
		};
		3DA6965D2B365C4B004D8717 /* Resources */ = {
			isa = PBXResourcesBuildPhase;
			buildActionMask = 2147483647;
			files = (
				3DA6966A2B365C4D004D8717 /* Preview Assets.xcassets in Resources */,
				3DA696672B365C4D004D8717 /* Assets.xcassets in Resources */,
				3D5A787D2B37A5FC001ECDFF /* SingleUserData.json in Resources */,
				3D5A787B2B37A53F001ECDFF /* UsersStaticData.json in Resources */,
			);
			runOnlyForDeploymentPostprocessing = 0;
		};
/* End PBXResourcesBuildPhase section */

/* Begin PBXSourcesBuildPhase section */
		3D7D4EA52B3E3E370030593E /* Sources */ = {
			isa = PBXSourcesBuildPhase;
			buildActionMask = 2147483647;
			files = (
				3D7D4EEF2B51A8DA0030593E /* PeopleViewModelFailureTests.swift in Sources */,
				3D7D4EC12B416CDB0030593E /* NetworkingManagerTests.swift in Sources */,
				3D7D4EFC2B522BCA0030593E /* DetailsViewModelFailureTests.swift in Sources */,
				3D7D4EED2B5199850030593E /* NetworkingManagerUserResponseSuccessMock.swift in Sources */,
				3D7D4EB42B3E3E8E0030593E /* JSONMapperTests.swift in Sources */,
				3D7D4EB72B3E54CD0030593E /* CreateFormValidatorTests.swift in Sources */,
				3D7D4EEA2B5197DA0030593E /* PeopleViewModelSuccessTests.swift in Sources */,
				3D7D4EF52B51E3480030593E /* NetworkingManagerUserDetailsResponseSuccessMock.swift in Sources */,
				3D7D4EFA2B52271B0030593E /* DetailsViewModelSuccessTests.swift in Sources */,
				3D7D4EBE2B4168A70030593E /* MockURLSessionProtocol.swift in Sources */,
				3D7D4EF72B51E44B0030593E /* NetworkingManagerUserDetailsResponseFailureMock.swift in Sources */,
				3D7D4EF12B51A9690030593E /* NetworkingManagerUserResponseFailureMock.swift in Sources */,
				3D7D4EBB2B4085650030593E /* NetworkingEndpointTests.swift in Sources */,
			);
			runOnlyForDeploymentPostprocessing = 0;
		};
		3DA6965B2B365C4B004D8717 /* Sources */ = {
			isa = PBXSourcesBuildPhase;
			buildActionMask = 2147483647;
			files = (
				3D6A98002B3C6DB9000B1425 /* SettingsView.swift in Sources */,
				3D5A78872B37A9DE001ECDFF /* StaticJSONMapper.swift in Sources */,
				3D5A788E2B385D13001ECDFF /* PillView.swift in Sources */,
				3DA696722B36F1F9004D8717 /* Symbols.swift in Sources */,
				3D6A97F62B3A509E000B1425 /* CreateViewModel.swift in Sources */,
				3D5A78892B37B2FF001ECDFF /* PeopleView.swift in Sources */,
				3DA696742B36F53B004D8717 /* Theme.swift in Sources */,
				3D6A97F82B3B62F4000B1425 /* ChcekmarkPopoverView.swift in Sources */,
				3D5A78902B38877A001ECDFF /* DetailView.swift in Sources */,
				3D5A787F2B37A733001ECDFF /* UserDetailResponse.swift in Sources */,
				3DA696632B365C4B004D8717 /* PeopleSwiftUIMVVMApp.swift in Sources */,
				3D6A97EE2B39AD7C000B1425 /* NetworkingManager.swift in Sources */,
				3D5A78812B37A838001ECDFF /* UsersResponse.swift in Sources */,
				3D5A788B2B385B3A001ECDFF /* PersonItemView.swift in Sources */,
				3D7D4EFF2B5232080030593E /* View+Navigation.swift in Sources */,
				3D6A97F42B3A4F59000B1425 /* NewPerson.swift in Sources */,
				3D6A97F02B39D298000B1425 /* PeopleViewModel.swift in Sources */,
				3D6A98032B3C6F14000B1425 /* UserDefaultKeys.swift in Sources */,
				3D6A98052B3C7BD6000B1425 /* Endpoint.swift in Sources */,
				3D6A97EB2B39A294000B1425 /* CreateView.swift in Sources */,
				3D6A97FB2B3B6B4C000B1425 /* CreateValidator.swift in Sources */,
				3D6A97F22B3A41C1000B1425 /* DetailViewModel.swift in Sources */,
				3D6A97FE2B3C6A70000B1425 /* HapticsManager.swift in Sources */,
				3D5A78842B37A955001ECDFF /* Models.swift in Sources */,
			);
			runOnlyForDeploymentPostprocessing = 0;
		};
/* End PBXSourcesBuildPhase section */

/* Begin PBXTargetDependency section */
		3D7D4EAE2B3E3E370030593E /* PBXTargetDependency */ = {
			isa = PBXTargetDependency;
			target = 3DA6965E2B365C4B004D8717 /* PeopleSwiftUIMVVM */;
			targetProxy = 3D7D4EAD2B3E3E370030593E /* PBXContainerItemProxy */;
		};
/* End PBXTargetDependency section */

/* Begin XCBuildConfiguration section */
		3D7D4EAF2B3E3E370030593E /* Debug */ = {
			isa = XCBuildConfiguration;
			buildSettings = {
				BUNDLE_LOADER = "$(TEST_HOST)";
				CODE_SIGN_STYLE = Automatic;
				CURRENT_PROJECT_VERSION = 1;
				DEVELOPMENT_TEAM = K9V8ERLS88;
				GENERATE_INFOPLIST_FILE = YES;
				IPHONEOS_DEPLOYMENT_TARGET = 17.2;
				MARKETING_VERSION = 1.0;
				PRODUCT_BUNDLE_IDENTIFIER = self.ravikanth.PeopleSwiftUIMVVMTests;
				PRODUCT_NAME = "$(TARGET_NAME)";
				SWIFT_EMIT_LOC_STRINGS = NO;
				SWIFT_VERSION = 5.0;
				TARGETED_DEVICE_FAMILY = "1,2";
				TEST_HOST = "$(BUILT_PRODUCTS_DIR)/PeopleSwiftUIMVVM.app/$(BUNDLE_EXECUTABLE_FOLDER_PATH)/PeopleSwiftUIMVVM";
			};
			name = Debug;
		};
		3D7D4EB02B3E3E370030593E /* Release */ = {
			isa = XCBuildConfiguration;
			buildSettings = {
				BUNDLE_LOADER = "$(TEST_HOST)";
				CODE_SIGN_STYLE = Automatic;
				CURRENT_PROJECT_VERSION = 1;
				DEVELOPMENT_TEAM = K9V8ERLS88;
				GENERATE_INFOPLIST_FILE = YES;
				IPHONEOS_DEPLOYMENT_TARGET = 17.2;
				MARKETING_VERSION = 1.0;
				PRODUCT_BUNDLE_IDENTIFIER = self.ravikanth.PeopleSwiftUIMVVMTests;
				PRODUCT_NAME = "$(TARGET_NAME)";
				SWIFT_EMIT_LOC_STRINGS = NO;
				SWIFT_VERSION = 5.0;
				TARGETED_DEVICE_FAMILY = "1,2";
				TEST_HOST = "$(BUILT_PRODUCTS_DIR)/PeopleSwiftUIMVVM.app/$(BUNDLE_EXECUTABLE_FOLDER_PATH)/PeopleSwiftUIMVVM";
			};
			name = Release;
		};
		3DA6966B2B365C4D004D8717 /* Debug */ = {
			isa = XCBuildConfiguration;
			buildSettings = {
				ALWAYS_SEARCH_USER_PATHS = NO;
				ASSETCATALOG_COMPILER_GENERATE_SWIFT_ASSET_SYMBOL_EXTENSIONS = YES;
				CLANG_ANALYZER_NONNULL = YES;
				CLANG_ANALYZER_NUMBER_OBJECT_CONVERSION = YES_AGGRESSIVE;
				CLANG_CXX_LANGUAGE_STANDARD = "gnu++20";
				CLANG_ENABLE_MODULES = YES;
				CLANG_ENABLE_OBJC_ARC = YES;
				CLANG_ENABLE_OBJC_WEAK = YES;
				CLANG_WARN_BLOCK_CAPTURE_AUTORELEASING = YES;
				CLANG_WARN_BOOL_CONVERSION = YES;
				CLANG_WARN_COMMA = YES;
				CLANG_WARN_CONSTANT_CONVERSION = YES;
				CLANG_WARN_DEPRECATED_OBJC_IMPLEMENTATIONS = YES;
				CLANG_WARN_DIRECT_OBJC_ISA_USAGE = YES_ERROR;
				CLANG_WARN_DOCUMENTATION_COMMENTS = YES;
				CLANG_WARN_EMPTY_BODY = YES;
				CLANG_WARN_ENUM_CONVERSION = YES;
				CLANG_WARN_INFINITE_RECURSION = YES;
				CLANG_WARN_INT_CONVERSION = YES;
				CLANG_WARN_NON_LITERAL_NULL_CONVERSION = YES;
				CLANG_WARN_OBJC_IMPLICIT_RETAIN_SELF = YES;
				CLANG_WARN_OBJC_LITERAL_CONVERSION = YES;
				CLANG_WARN_OBJC_ROOT_CLASS = YES_ERROR;
				CLANG_WARN_QUOTED_INCLUDE_IN_FRAMEWORK_HEADER = YES;
				CLANG_WARN_RANGE_LOOP_ANALYSIS = YES;
				CLANG_WARN_STRICT_PROTOTYPES = YES;
				CLANG_WARN_SUSPICIOUS_MOVE = YES;
				CLANG_WARN_UNGUARDED_AVAILABILITY = YES_AGGRESSIVE;
				CLANG_WARN_UNREACHABLE_CODE = YES;
				CLANG_WARN__DUPLICATE_METHOD_MATCH = YES;
				COPY_PHASE_STRIP = NO;
				DEBUG_INFORMATION_FORMAT = dwarf;
				ENABLE_STRICT_OBJC_MSGSEND = YES;
				ENABLE_TESTABILITY = YES;
				ENABLE_USER_SCRIPT_SANDBOXING = YES;
				GCC_C_LANGUAGE_STANDARD = gnu17;
				GCC_DYNAMIC_NO_PIC = NO;
				GCC_NO_COMMON_BLOCKS = YES;
				GCC_OPTIMIZATION_LEVEL = 0;
				GCC_PREPROCESSOR_DEFINITIONS = (
					"DEBUG=1",
					"$(inherited)",
				);
				GCC_WARN_64_TO_32_BIT_CONVERSION = YES;
				GCC_WARN_ABOUT_RETURN_TYPE = YES_ERROR;
				GCC_WARN_UNDECLARED_SELECTOR = YES;
				GCC_WARN_UNINITIALIZED_AUTOS = YES_AGGRESSIVE;
				GCC_WARN_UNUSED_FUNCTION = YES;
				GCC_WARN_UNUSED_VARIABLE = YES;
				IPHONEOS_DEPLOYMENT_TARGET = 17.0;
				LOCALIZATION_PREFERS_STRING_CATALOGS = YES;
				MTL_ENABLE_DEBUG_INFO = INCLUDE_SOURCE;
				MTL_FAST_MATH = YES;
				ONLY_ACTIVE_ARCH = YES;
				SDKROOT = iphoneos;
				SWIFT_ACTIVE_COMPILATION_CONDITIONS = "DEBUG $(inherited)";
				SWIFT_OPTIMIZATION_LEVEL = "-Onone";
			};
			name = Debug;
		};
		3DA6966C2B365C4D004D8717 /* Release */ = {
			isa = XCBuildConfiguration;
			buildSettings = {
				ALWAYS_SEARCH_USER_PATHS = NO;
				ASSETCATALOG_COMPILER_GENERATE_SWIFT_ASSET_SYMBOL_EXTENSIONS = YES;
				CLANG_ANALYZER_NONNULL = YES;
				CLANG_ANALYZER_NUMBER_OBJECT_CONVERSION = YES_AGGRESSIVE;
				CLANG_CXX_LANGUAGE_STANDARD = "gnu++20";
				CLANG_ENABLE_MODULES = YES;
				CLANG_ENABLE_OBJC_ARC = YES;
				CLANG_ENABLE_OBJC_WEAK = YES;
				CLANG_WARN_BLOCK_CAPTURE_AUTORELEASING = YES;
				CLANG_WARN_BOOL_CONVERSION = YES;
				CLANG_WARN_COMMA = YES;
				CLANG_WARN_CONSTANT_CONVERSION = YES;
				CLANG_WARN_DEPRECATED_OBJC_IMPLEMENTATIONS = YES;
				CLANG_WARN_DIRECT_OBJC_ISA_USAGE = YES_ERROR;
				CLANG_WARN_DOCUMENTATION_COMMENTS = YES;
				CLANG_WARN_EMPTY_BODY = YES;
				CLANG_WARN_ENUM_CONVERSION = YES;
				CLANG_WARN_INFINITE_RECURSION = YES;
				CLANG_WARN_INT_CONVERSION = YES;
				CLANG_WARN_NON_LITERAL_NULL_CONVERSION = YES;
				CLANG_WARN_OBJC_IMPLICIT_RETAIN_SELF = YES;
				CLANG_WARN_OBJC_LITERAL_CONVERSION = YES;
				CLANG_WARN_OBJC_ROOT_CLASS = YES_ERROR;
				CLANG_WARN_QUOTED_INCLUDE_IN_FRAMEWORK_HEADER = YES;
				CLANG_WARN_RANGE_LOOP_ANALYSIS = YES;
				CLANG_WARN_STRICT_PROTOTYPES = YES;
				CLANG_WARN_SUSPICIOUS_MOVE = YES;
				CLANG_WARN_UNGUARDED_AVAILABILITY = YES_AGGRESSIVE;
				CLANG_WARN_UNREACHABLE_CODE = YES;
				CLANG_WARN__DUPLICATE_METHOD_MATCH = YES;
				COPY_PHASE_STRIP = NO;
				DEBUG_INFORMATION_FORMAT = "dwarf-with-dsym";
				ENABLE_NS_ASSERTIONS = NO;
				ENABLE_STRICT_OBJC_MSGSEND = YES;
				ENABLE_USER_SCRIPT_SANDBOXING = YES;
				GCC_C_LANGUAGE_STANDARD = gnu17;
				GCC_NO_COMMON_BLOCKS = YES;
				GCC_WARN_64_TO_32_BIT_CONVERSION = YES;
				GCC_WARN_ABOUT_RETURN_TYPE = YES_ERROR;
				GCC_WARN_UNDECLARED_SELECTOR = YES;
				GCC_WARN_UNINITIALIZED_AUTOS = YES_AGGRESSIVE;
				GCC_WARN_UNUSED_FUNCTION = YES;
				GCC_WARN_UNUSED_VARIABLE = YES;
				IPHONEOS_DEPLOYMENT_TARGET = 17.0;
				LOCALIZATION_PREFERS_STRING_CATALOGS = YES;
				MTL_ENABLE_DEBUG_INFO = NO;
				MTL_FAST_MATH = YES;
				SDKROOT = iphoneos;
				SWIFT_COMPILATION_MODE = wholemodule;
				VALIDATE_PRODUCT = YES;
			};
			name = Release;
		};
		3DA6966E2B365C4D004D8717 /* Debug */ = {
			isa = XCBuildConfiguration;
			buildSettings = {
				ASSETCATALOG_COMPILER_APPICON_NAME = AppIcon;
				ASSETCATALOG_COMPILER_GLOBAL_ACCENT_COLOR_NAME = AccentColor;
				CODE_SIGN_STYLE = Automatic;
				CURRENT_PROJECT_VERSION = 1;
				DEVELOPMENT_ASSET_PATHS = "\"PeopleSwiftUIMVVM/Preview Content\"";
				DEVELOPMENT_TEAM = K9V8ERLS88;
				ENABLE_PREVIEWS = YES;
				GENERATE_INFOPLIST_FILE = YES;
				INFOPLIST_FILE = PeopleSwiftUIMVVM/Info.plist;
				INFOPLIST_KEY_UIApplicationSceneManifest_Generation = YES;
				INFOPLIST_KEY_UIApplicationSupportsIndirectInputEvents = YES;
				INFOPLIST_KEY_UISupportedInterfaceOrientations_iPad = "UIInterfaceOrientationPortrait UIInterfaceOrientationPortraitUpsideDown UIInterfaceOrientationLandscapeLeft UIInterfaceOrientationLandscapeRight";
				INFOPLIST_KEY_UISupportedInterfaceOrientations_iPhone = "UIInterfaceOrientationPortrait UIInterfaceOrientationLandscapeLeft UIInterfaceOrientationLandscapeRight";
				LD_RUNPATH_SEARCH_PATHS = (
					"$(inherited)",
					"@executable_path/Frameworks",
				);
				MARKETING_VERSION = 1.0;
				PRODUCT_BUNDLE_IDENTIFIER = self.ravikanth.PeopleSwiftUIMVVM;
				PRODUCT_NAME = "$(TARGET_NAME)";
				SWIFT_EMIT_LOC_STRINGS = YES;
				SWIFT_VERSION = 5.0;
				TARGETED_DEVICE_FAMILY = "1,2";
			};
			name = Debug;
		};
		3DA6966F2B365C4D004D8717 /* Release */ = {
			isa = XCBuildConfiguration;
			buildSettings = {
				ASSETCATALOG_COMPILER_APPICON_NAME = AppIcon;
				ASSETCATALOG_COMPILER_GLOBAL_ACCENT_COLOR_NAME = AccentColor;
				CODE_SIGN_STYLE = Automatic;
				CURRENT_PROJECT_VERSION = 1;
				DEVELOPMENT_ASSET_PATHS = "\"PeopleSwiftUIMVVM/Preview Content\"";
				DEVELOPMENT_TEAM = K9V8ERLS88;
				ENABLE_PREVIEWS = YES;
				GENERATE_INFOPLIST_FILE = YES;
				INFOPLIST_FILE = PeopleSwiftUIMVVM/Info.plist;
				INFOPLIST_KEY_UIApplicationSceneManifest_Generation = YES;
				INFOPLIST_KEY_UIApplicationSupportsIndirectInputEvents = YES;
				INFOPLIST_KEY_UISupportedInterfaceOrientations_iPad = "UIInterfaceOrientationPortrait UIInterfaceOrientationPortraitUpsideDown UIInterfaceOrientationLandscapeLeft UIInterfaceOrientationLandscapeRight";
				INFOPLIST_KEY_UISupportedInterfaceOrientations_iPhone = "UIInterfaceOrientationPortrait UIInterfaceOrientationLandscapeLeft UIInterfaceOrientationLandscapeRight";
				LD_RUNPATH_SEARCH_PATHS = (
					"$(inherited)",
					"@executable_path/Frameworks",
				);
				MARKETING_VERSION = 1.0;
				PRODUCT_BUNDLE_IDENTIFIER = self.ravikanth.PeopleSwiftUIMVVM;
				PRODUCT_NAME = "$(TARGET_NAME)";
				SWIFT_EMIT_LOC_STRINGS = YES;
				SWIFT_VERSION = 5.0;
				TARGETED_DEVICE_FAMILY = "1,2";
			};
			name = Release;
		};
/* End XCBuildConfiguration section */

/* Begin XCConfigurationList section */
		3D7D4EB12B3E3E370030593E /* Build configuration list for PBXNativeTarget "PeopleSwiftUIMVVMTests" */ = {
			isa = XCConfigurationList;
			buildConfigurations = (
				3D7D4EAF2B3E3E370030593E /* Debug */,
				3D7D4EB02B3E3E370030593E /* Release */,
			);
			defaultConfigurationIsVisible = 0;
			defaultConfigurationName = Release;
		};
		3DA6965A2B365C4B004D8717 /* Build configuration list for PBXProject "PeopleSwiftUIMVVM" */ = {
			isa = XCConfigurationList;
			buildConfigurations = (
				3DA6966B2B365C4D004D8717 /* Debug */,
				3DA6966C2B365C4D004D8717 /* Release */,
			);
			defaultConfigurationIsVisible = 0;
			defaultConfigurationName = Release;
		};
		3DA6966D2B365C4D004D8717 /* Build configuration list for PBXNativeTarget "PeopleSwiftUIMVVM" */ = {
			isa = XCConfigurationList;
			buildConfigurations = (
				3DA6966E2B365C4D004D8717 /* Debug */,
				3DA6966F2B365C4D004D8717 /* Release */,
			);
			defaultConfigurationIsVisible = 0;
			defaultConfigurationName = Release;
		};
/* End XCConfigurationList section */
	};
	rootObject = 3DA696572B365C4B004D8717 /* Project object */;
}
